
Microsoft Visual Studio Solution File, Format Version 12.00
# Visual Studio 15
VisualStudioVersion = 15.0.27130.2010
MinimumVisualStudioVersion = 10.0.40219.1
Project("{FAE04EC0-301F-11D3-BF4B-00C04F79EFBC}") = "NcvPluginSample", "NcvPluginSample\NcvPluginSample.csproj", "{24926D8D-7C25-428B-AD30-27A9FDFFC6E6}"
EndProject
Project("{FAE04EC0-301F-11D3-BF4B-00C04F79EFBC}") = "SeleniumTest", "SeleniumTest\SeleniumTest.csproj", "{3074B53A-9968-4009-B55C-48F7669EB515}"
EndProject
Global
	GlobalSection(SolutionConfigurationPlatforms) = preSolution
		Debug|Any CPU = Debug|Any CPU
		Release|Any CPU = Release|Any CPU
	EndGlobalSection
	GlobalSection(ProjectConfigurationPlatforms) = postSolution
		{24926D8D-7C25-428B-AD30-27A9FDFFC6E6}.Debug|Any CPU.ActiveCfg = Debug|Any CPU
		{24926D8D-7C25-428B-AD30-27A9FDFFC6E6}.Debug|Any CPU.Build.0 = Debug|Any CPU
		{24926D8D-7C25-428B-AD30-27A9FDFFC6E6}.Release|Any CPU.ActiveCfg = Release|Any CPU
		{24926D8D-7C25-428B-AD30-27A9FDFFC6E6}.Release|Any CPU.Build.0 = Release|Any CPU
		{3074B53A-9968-4009-B55C-48F7669EB515}.Debug|Any CPU.ActiveCfg = Debug|Any CPU
		{3074B53A-9968-4009-B55C-48F7669EB515}.Debug|Any CPU.Build.0 = Debug|Any CPU
		{3074B53A-9968-4009-B55C-48F7669EB515}.Release|Any CPU.ActiveCfg = Release|Any CPU
		{3074B53A-9968-4009-B55C-48F7669EB515}.Release|Any CPU.Build.0 = Release|Any CPU
	EndGlobalSection
	GlobalSection(SolutionProperties) = preSolution
		HideSolutionNode = FALSE
	EndGlobalSection
	GlobalSection(ExtensibilityGlobals) = postSolution
		SolutionGuid = {F61AA13C-7043-4A0F-A8CF-EBCEABA06796}
	EndGlobalSection
EndGlobal
